SITE
  remote: http://community.opscode.com/api/v1
  specs:
    apt (1.2.2)
    build-essential (1.0.0)
    git (0.10.0)
      runit (>= 0.0.0)
      yum (>= 0.0.0)
    runit (0.14.2)
    screen (0.7.0)
    yum (0.5.2)

GIT
  remote: git@github.com:bmc/chef-repo.git
  path: cookbooks/base-development
  ref: master
  sha: 358f25a679383ef1a7d9d53eaa37ffea7efbdb29
  specs:
    base-development (0.1.0)

GIT
  remote: git@github.com:bmc/chef-repo.git
  path: cookbooks/linux-accounts
  ref: master
  sha: 358f25a679383ef1a7d9d53eaa37ffea7efbdb29
  specs:
    linux-accounts (0.1.0)

GIT
  remote: git@github.com:bmc/chef-repo.git
  path: cookbooks/pythonbrew
  ref: master
  sha: 358f25a679383ef1a7d9d53eaa37ffea7efbdb29
  specs:
    pythonbrew (0.1.0)

GIT
  remote: git@github.com:bmc/chef-repo.git
  path: cookbooks/rvm
  ref: master
  sha: 358f25a679383ef1a7d9d53eaa37ffea7efbdb29
  specs:
    rvm (0.1.0)

GIT
  remote: git@github.com:bmc/chef-repo.git
  path: cookbooks/terminfo
  ref: master
  sha: 358f25a679383ef1a7d9d53eaa37ffea7efbdb29
  specs:
    terminfo (0.1.0)

GIT
  remote: git@github.com:bmc/chef-repo.git
  path: cookbooks/virtual-python
  ref: master
  sha: 358f25a679383ef1a7d9d53eaa37ffea7efbdb29
  specs:
    virtual-python (0.1.0)

PATH
  remote: site-cookbooks/bmc
  specs:
    bmc (0.0.0)

DEPENDENCIES
  apt (>= 0)
  base-development (>= 0)
  bmc (>= 0)
  build-essential (>= 0)
  git (>= 0)
  linux-accounts (>= 0)
  pythonbrew (>= 0)
  rvm (>= 0)
  screen (>= 0)
  terminfo (>= 0)
  virtual-python (>= 0)

