SITE
  remote: http://community.opscode.com/api/v1
  specs:
    apt (1.2.2)
    build-essential (1.0.0)
    git (0.10.0)
      runit (>= 0.0.0)
      yum (>= 0.0.0)
    runit (0.14.2)
    screen (0.7.0)
    yum (0.5.2)

GIT
  remote: git@github.com:bmc/chef-repo.git
  path: cookbooks/base-development
  ref: master
  sha: 98b613dccd3e5616e2c94f8e298991b46ffe6ec9
  specs:
    base-development (0.1.0)

GIT
  remote: git@github.com:bmc/chef-repo.git
  path: cookbooks/pythonbrew
  ref: master
  sha: 98b613dccd3e5616e2c94f8e298991b46ffe6ec9
  specs:
    pythonbrew (0.1.0)

GIT
  remote: git@github.com:bmc/chef-repo.git
  path: cookbooks/rvm
  ref: master
  sha: 98b613dccd3e5616e2c94f8e298991b46ffe6ec9
  specs:
    rvm (0.1.0)

GIT
  remote: git@github.com:bmc/chef-repo.git
  path: cookbooks/terminfo
  ref: master
  sha: 98b613dccd3e5616e2c94f8e298991b46ffe6ec9
  specs:
    terminfo (0.1.0)

GIT
  remote: git@github.com:bmc/chef-repo.git
  path: cookbooks/virtual-python
  ref: master
  sha: 98b613dccd3e5616e2c94f8e298991b46ffe6ec9
  specs:
    virtual-python (0.1.0)

PATH
  remote: site-cookbooks/accounts
  specs:
    accounts (0.0.0)

PATH
  remote: site-cookbooks/bmc
  specs:
    bmc (0.0.0)

DEPENDENCIES
  accounts (>= 0)
  apt (>= 0)
  base-development (>= 0)
  bmc (>= 0)
  build-essential (>= 0)
  git (>= 0)
  pythonbrew (>= 0)
  rvm (>= 0)
  screen (>= 0)
  terminfo (>= 0)
  virtual-python (>= 0)

